{
    "_meta": {
        "hash": {
            "sha256": "90ff1facebaea26ad9f7476670fff2af4429b6ecfb054781f2c4041d684a246f"
        },
        "pipfile-spec": 6,
        "requires": {
            "python_version": "3.10"
        },
        "sources": [
            {
                "name": "pypi",
                "url": "https://pypi.org/simple",
                "verify_ssl": true
            }
        ]
    },
    "default": {
        "anyio": {
            "hashes": [
                "sha256:25ea0d673ae30af41a0c442f81cf3b38c7e79fdc7b60335a4c14e05eb0947421",
                "sha256:fbbe32bd270d2a2ef3ed1c5d45041250284e31fc0a4df4a5a6071842051a51e3"
            ],
            "markers": "python_full_version >= '3.6.2'",
            "version": "==3.6.2"
        },
        "async-timeout": {
            "hashes": [
                "sha256:2163e1640ddb52b7a8c80d0a67a08587e5d245cc9c553a74a847056bc2976b15",
                "sha256:8ca1e4fcf50d07413d66d1a5e416e42cfdf5851c981d679a09851a6853383b3c"
            ],
            "markers": "python_version >= '3.6'",
            "version": "==4.0.2"
        },
        "asyncpg": {
            "hashes": [
                "sha256:16ba8ec2e85d586b4a12bcd03e8d29e3d99e832764d6a1d0b8c27dbbe4a2569d",
                "sha256:18f77e8e71e826ba2d0c3ba6764930776719ae2b225ca07e014590545928b576",
                "sha256:1b6499de06fe035cf2fa932ec5617ed3f37d4ebbf663b655922e105a484a6af9",
                "sha256:20b596d8d074f6f695c13ffb8646d0b6bb1ab570ba7b0cfd349b921ff03cfc1e",
                "sha256:2232ebae9796d4600a7819fc383da78ab51b32a092795f4555575fc934c1c89d",
                "sha256:4750f5cf49ed48a6e49c6e5aed390eee367694636c2dcfaf4a273ca832c5c43c",
                "sha256:4bb366ae34af5b5cabc3ac6a5347dfb6013af38c68af8452f27968d49085ecc0",
                "sha256:5710cb0937f696ce303f5eed6d272e3f057339bb4139378ccecafa9ee923a71c",
                "sha256:609054a1f47292a905582a1cfcca51a6f3f30ab9d822448693e66fdddde27920",
                "sha256:62932f29cf2433988fcd799770ec64b374a3691e7902ecf85da14d5e0854d1ea",
                "sha256:69aa1b443a182b13a17ff926ed6627af2d98f62f2fe5890583270cc4073f63bf",
                "sha256:71cca80a056ebe19ec74b7117b09e650990c3ca535ac1c35234a96f65604192f",
                "sha256:720986d9a4705dd8a40fdf172036f5ae787225036a7eb46e704c45aa8f62c054",
                "sha256:768e0e7c2898d40b16d4ef7a0b44e8150db3dd8995b4652aa1fe2902e92c7df8",
                "sha256:7a6206210c869ebd3f4eb9e89bea132aefb56ff3d1b7dd7e26b102b17e27bbb1",
                "sha256:7d8585707ecc6661d07367d444bbaa846b4e095d84451340da8df55a3757e152",
                "sha256:8113e17cfe236dc2277ec844ba9b3d5312f61bd2fdae6d3ed1c1cdd75f6cf2d8",
                "sha256:879c29a75969eb2722f94443752f4720d560d1e748474de54ae8dd230bc4956b",
                "sha256:88b62164738239f62f4af92567b846a8ef7cf8abf53eddd83650603de4d52163",
                "sha256:8934577e1ed13f7d2d9cea3cc016cc6f95c19faedea2c2b56a6f94f257cea672",
                "sha256:9654085f2b22f66952124de13a8071b54453ff972c25c59b5ce1173a4283ffd9",
                "sha256:975a320baf7020339a67315284a4d3bf7460e664e484672bd3e71dbd881bc692",
                "sha256:9a3a4ff43702d39e3c97a8786314123d314e0f0e4dabc8367db5b665c93914de",
                "sha256:a7a94c03386bb95456b12c66026b3a87d1b965f0f1e5733c36e7229f8f137747",
                "sha256:ab0f21c4818d46a60ca789ebc92327d6d874d3b7ccff3963f7af0a21dc6cff52",
                "sha256:bb71211414dd1eeb8d31ec529fe77cff04bf53efc783a5f6f0a32d84923f45cf",
                "sha256:bf21ebf023ec67335258e0f3d3ad7b91bb9507985ba2b2206346de488267cad0",
                "sha256:bfc3980b4ba6f97138b04f0d32e8af21d6c9fa1f8e6e140c07d15690a0a99279",
                "sha256:c2232d4625c558f2aa001942cac1d7952aa9f0dbfc212f63bc754277769e1ef2",
                "sha256:ccddb9419ab4e1c48742457d0c0362dbdaeb9b28e6875115abfe319b29ee225d",
                "sha256:d20dea7b83651d93b1eb2f353511fe7fd554752844523f17ad30115d8b9c8cd6",
                "sha256:e56ac8a8237ad4adec97c0cd4728596885f908053ab725e22900b5902e7f8e69",
                "sha256:eb4b2fdf88af4fb1cc569781a8f933d2a73ee82cd720e0cb4edabbaecf2a905b",
                "sha256:eca01eb112a39d31cc4abb93a5aef2a81514c23f70956729f42fb83b11b3483f",
                "sha256:fca608d199ffed4903dce1bcd97ad0fe8260f405c1c225bdf0002709132171c2",
                "sha256:fddcacf695581a8d856654bc4c8cfb73d5c9df26d5f55201722d3e6a699e9629"
            ],
            "index": "pypi",
            "version": "==0.27.0"
        },
        "click": {
            "hashes": [
                "sha256:7682dc8afb30297001674575ea00d1814d808d6a36af415a82bd481d37ba7b8e",
                "sha256:bb4d8133cb15a609f44e8213d9b391b0809795062913b383c62be0ee95b1db48"
            ],
            "markers": "python_version >= '3.7'",
            "version": "==8.1.3"
        },
        "colorama": {
            "hashes": [
                "sha256:08695f5cb7ed6e0531a20572697297273c47b8cae5a63ffc6d6ed5c201be6e44",
                "sha256:4f1d9991f5acc0ca119f9d443620b77f9d6b33703e51011c16baf57afb285fc6"
            ],
            "markers": "platform_system == 'Windows'",
            "version": "==0.4.6"
        },
        "dependency-injector": {
            "hashes": [
                "sha256:02620454ee8101f77a317f3229935ce687480883d72a40858ff4b0c87c935cce",
                "sha256:059fbb48333148143e8667a5323d162628dfe27c386bd0ed3deeecfc390338bf",
                "sha256:05e15ea0f2b14c1127e8b0d1597fef13f98845679f63bf670ba12dbfc12a16ef",
                "sha256:12e91ac0333e7e589421943ff6c6bf9cf0d9ac9703301cec37ccff3723406332",
                "sha256:1662e2ef60ac6e681b9e11b5d8b7c17a0f733688916cf695f9540f8f50a61b1e",
                "sha256:168334cba3f1cbf55299ef38f0f2e31879115cc767b780c859f7814a52d80abb",
                "sha256:16de2797dcfcc2263b8672bf0751166f7c7b369ca2ff9246ceb67b65f8e1d802",
                "sha256:1baee908f21190bdc46a65ce4c417a5175e9397ca62354928694fce218f84487",
                "sha256:22b11dbf696e184f0b3d5ac4e5418aeac3c379ba4ea758c04a83869b7e5d1cbf",
                "sha256:300838e9d4f3fbf539892a5a4072851728e23b37a1f467afcf393edd994d88f0",
                "sha256:3055b3fc47a0d6e5f27defb4166c0d37543a4967c279549b154afaf506ce6efc",
                "sha256:33a724e0a737baadb4378f5dc1b079867cc3a88552fcca719b3dba84716828b2",
                "sha256:3535d06416251715b45f8412482b58ec1c6196a4a3baa207f947f0b03a7c4b44",
                "sha256:3588bd887b051d16b8bcabaae1127eb14059a0719a8fe34c8a75ba59321b352c",
                "sha256:3744c327d18408e74781bd6d8b7738745ee80ef89f2c8daecf9ebd098cb84972",
                "sha256:37d5954026e3831663518d78bdf4be9c2dbfea691edcb73c813aa3093aa4363a",
                "sha256:40936d9384363331910abd59dd244158ec3572abf9d37322f15095315ac99893",
                "sha256:409441122f40e1b4b8582845fdd76deb9dc5c9d6eb74a057b85736ef9e9c671f",
                "sha256:48b6886a87b4ceb9b9f78550f77b2a5c7d2ce33bc83efd886556ad468cc9c85a",
                "sha256:4a31d9d60be4b585585081109480cfb2ef564d3b851cb32a139bf8408411a93a",
                "sha256:4a44ca3ce5867513a70b31855b218be3d251f5068ce1c480cc3a4ad24ffd3280",
                "sha256:51217cb384b468d7cc355544cec20774859f00812f9a1a71ed7fa701c957b2a7",
                "sha256:5168dc59808317dc4cdd235aa5d7d556d33e5600156acaf224cead236b48a3e8",
                "sha256:54032d62610cf2f4421c9d92cef52957215aaa0bca403cda580c58eb3f726eda",
                "sha256:56d37b9d2f50a18f059d9abdbea7669a7518bd42b81603c21a27910a2b3f1657",
                "sha256:586a0821720b15932addbefb00f7370fbcd5831d6ebbd6494d774b44ff96d23a",
                "sha256:5fa3ed8f0700e47a0e7363f949b4525ffa8277aa1c5b10ca5b41fce4dea61bb9",
                "sha256:63bfba21f8bff654a80e9b9d06dd6c43a442990b73bf89cd471314c11c541ec2",
                "sha256:67b369592c57549ccdcad0d5fef1ddb9d39af7fed8083d76e789ab0111fc6389",
                "sha256:6b29abac56ce347d2eb58a560723e1663ee2125cf5cc38866ed92b84319927ec",
                "sha256:6b98945edae88e777091bf0848f869fb94bd76dfa4066d7c870a5caa933391d0",
                "sha256:6ee9810841c6e0599356cb884d16453bfca6ab739d0e4f0248724ed8f9ee0d79",
                "sha256:740a8e8106a04d3f44b52b25b80570fdac96a8a3934423de7c9202c5623e7936",
                "sha256:75280dfa23f7c88e1bf56c3920d58a43516816de6f6ab2a6650bb8a0f27d5c2c",
                "sha256:75e7a733b372db3144a34020c4233f6b94db2c6342d6d16bc5245b1b941ee2bd",
                "sha256:76b94c8310929e54136f3cb3de3adc86d1a657b3984299f40bf1cd2ba0bae548",
                "sha256:786f7aac592e191c9caafc47732161d807bad65c62f260cd84cd73c7e2d67d6d",
                "sha256:7a92680bea1c260e5c0d2d6cd60b0c913cba76a456a147db5ac047ecfcfcc758",
                "sha256:7dcba8665cafec825b7095d5dd80afb5cf14404450eca3fe8b66e1edbf4dbc10",
                "sha256:7fa4970f12a3fc95d8796938b11c41276ad1ff4c447b0e589212eab3fc527a90",
                "sha256:87be84084a1b922c4ba15e2e5aa900ee24b78a5467997cb7aec0a1d6cdb4a00b",
                "sha256:89c67edffe7007cf33cee79ecbca38f48efcc2add5c280717af434db6c789377",
                "sha256:8b51efeaebacaf79ef68edfc65e9687699ccffb3538c4a3ab30d0d77e2db7189",
                "sha256:8b8cf1c6c56f5c18bdbd9f5e93b52ca29cb4d99606d4056e91f0c761eef496dc",
                "sha256:8d670a844268dcd758195e58e9a5b39fc74bb8648aba99a13135a4a10ec9cfac",
                "sha256:8f0090ff14038f17a026ca408a3a0b0e7affb6aa7498b2b59d670f40ac970fbe",
                "sha256:939dfc657104bc3e66b67afd3fb2ebb0850c9a1e73d0d26066f2bbdd8735ff9c",
                "sha256:953bfac819d32dc72b963767589e0ed372e5e9e78b03fb6b89419d0500d34bbe",
                "sha256:99ed73b1521bf249e2823a08a730c9f9413a58f4b4290da022e0ad4fb333ba3d",
                "sha256:9e3b9d41e0eff4c8e16fea1e33de66ff0030fe51137ca530f3c52ce110447914",
                "sha256:a2381a251b04244125148298212550750e6e1403e9b2850cc62e0e829d050ad3",
                "sha256:a2dee5d4abdd21f1a30a51d46645c095be9dcc404c7c6e9f81d0a01415a49e64",
                "sha256:a4f113e5d4c3070973ad76e5bda7317e500abae6083d78689f0b6e37cf403abf",
                "sha256:a8686fa330c83251c75c8238697686f7a0e0f6d40658538089165dc72df9bcff",
                "sha256:ac79f3c05747f9724bd56c06985e78331fc6c85eb50f3e3f1a35e0c60f9977e9",
                "sha256:b0c9c966ff66c77364a2d43d08de9968aff7e3903938fe912ba49796b2133344",
                "sha256:b2440b32474d4e747209528ca3ae48f42563b2fbe3d74dbfe949c11dfbfef7c4",
                "sha256:b365a8548e9a49049fa6acb24d3cd939f619eeb8e300ca3e156e44402dcc07ec",
                "sha256:b37f36ecb0c1227f697e1d4a029644e3eda8dd0f0716aa63ad04d96dbb15bbbb",
                "sha256:b3890a12423ae3a9eade035093beba487f8d092ee6c6cb8706f4e7080a56e819",
                "sha256:b8b61a15bc46a3aa7b29bd8a7384b650aa3a7ef943491e93c49a0540a0b3dda4",
                "sha256:bc852da612c7e347f2fcf921df2eca2718697a49f648a28a63db3ab504fd9510",
                "sha256:c71d30b6708438050675f338edb9a25bea6c258478dbe5ec8405286756a2d347",
                "sha256:d03f5fa0fa98a18bd0dfce846db80e2798607f0b861f1f99c97f441f7669d7a2",
                "sha256:d09c08c944a25dabfb454238c1a889acd85102b93ae497de523bf9ab7947b28a",
                "sha256:d283aee588a72072439e6721cb64aa6cba5bc18c576ef0ab28285a6ec7a9d655",
                "sha256:d557e40673de984f78dab13ebd68d27fbb2f16d7c4e3b663ea2fa2f9fae6765b",
                "sha256:e3229d83e99e255451605d5276604386e06ad948e3d60f31ddd796781c77f76f",
                "sha256:f2842e15bae664a9f69932e922b02afa055c91efec959cb1896f6c499bf68180",
                "sha256:f89a507e389b7e4d4892dd9a6f5f4da25849e24f73275478634ac594d621ab3f"
            ],
            "index": "pypi",
            "version": "==4.41.0"
        },
        "dnspython": {
            "hashes": [
                "sha256:224e32b03eb46be70e12ef6d64e0be123a64e621ab4c0822ff6d450d52a540b9",
                "sha256:89141536394f909066cabd112e3e1a37e4e654db00a25308b0f130bc3152eb46"
            ],
            "markers": "python_version >= '3.7' and python_version < '4.0'",
            "version": "==2.3.0"
        },
        "ecdsa": {
            "hashes": [
                "sha256:190348041559e21b22a1d65cee485282ca11a6f81d503fddb84d5017e9ed1e49",
                "sha256:80600258e7ed2f16b9aa1d7c295bd70194109ad5a30fdee0eaeefef1d4c559dd"
            ],
            "markers": "python_version >= '2.6' and python_version not in '3.0, 3.1, 3.2, 3.3'",
            "version": "==0.18.0"
        },
        "email-validator": {
            "hashes": [
                "sha256:49a72f5fa6ed26be1c964f0567d931d10bf3fdeeacdf97bc26ef1cd2a44e0bda",
                "sha256:d178c5c6fa6c6824e9b04f199cf23e79ac15756786573c190d2ad13089411ad2"
            ],
            "index": "pypi",
            "version": "==1.3.1"
        },
        "fastapi": {
            "hashes": [
                "sha256:8dc18f860755159b3c4b30577c61c821b98f382acfeb6d5a849f9fa6a5369789",
                "sha256:ff2fa93af3f2f982b07b5f96e8512565b3ef0e5f8f02469dbfd6bc27f6fd9a9e"
            ],
            "index": "pypi",
            "version": "==0.91.0"
        },
        "greenlet": {
            "hashes": [
                "sha256:03a8f4f3430c3b3ff8d10a2a86028c660355ab637cee9333d63d66b56f09d52a",
                "sha256:0bf60faf0bc2468089bdc5edd10555bab6e85152191df713e2ab1fcc86382b5a",
                "sha256:18a7f18b82b52ee85322d7a7874e676f34ab319b9f8cce5de06067384aa8ff43",
                "sha256:18e98fb3de7dba1c0a852731c3070cf022d14f0d68b4c87a19cc1016f3bb8b33",
                "sha256:1a819eef4b0e0b96bb0d98d797bef17dc1b4a10e8d7446be32d1da33e095dbb8",
                "sha256:26fbfce90728d82bc9e6c38ea4d038cba20b7faf8a0ca53a9c07b67318d46088",
                "sha256:2780572ec463d44c1d3ae850239508dbeb9fed38e294c68d19a24d925d9223ca",
                "sha256:283737e0da3f08bd637b5ad058507e578dd462db259f7f6e4c5c365ba4ee9343",
                "sha256:2d4686f195e32d36b4d7cf2d166857dbd0ee9f3d20ae349b6bf8afc8485b3645",
                "sha256:2dd11f291565a81d71dab10b7033395b7a3a5456e637cf997a6f33ebdf06f8db",
                "sha256:30bcf80dda7f15ac77ba5af2b961bdd9dbc77fd4ac6105cee85b0d0a5fcf74df",
                "sha256:32e5b64b148966d9cccc2c8d35a671409e45f195864560829f395a54226408d3",
                "sha256:36abbf031e1c0f79dd5d596bfaf8e921c41df2bdf54ee1eed921ce1f52999a86",
                "sha256:3a06ad5312349fec0ab944664b01d26f8d1f05009566339ac6f63f56589bc1a2",
                "sha256:3a51c9751078733d88e013587b108f1b7a1fb106d402fb390740f002b6f6551a",
                "sha256:3c9b12575734155d0c09d6c3e10dbd81665d5c18e1a7c6597df72fd05990c8cf",
                "sha256:3f6ea9bd35eb450837a3d80e77b517ea5bc56b4647f5502cd28de13675ee12f7",
                "sha256:4b58adb399c4d61d912c4c331984d60eb66565175cdf4a34792cd9600f21b394",
                "sha256:4d2e11331fc0c02b6e84b0d28ece3a36e0548ee1a1ce9ddde03752d9b79bba40",
                "sha256:5454276c07d27a740c5892f4907c86327b632127dd9abec42ee62e12427ff7e3",
                "sha256:561091a7be172ab497a3527602d467e2b3fbe75f9e783d8b8ce403fa414f71a6",
                "sha256:6c3acb79b0bfd4fe733dff8bc62695283b57949ebcca05ae5c129eb606ff2d74",
                "sha256:703f18f3fda276b9a916f0934d2fb6d989bf0b4fb5a64825260eb9bfd52d78f0",
                "sha256:7492e2b7bd7c9b9916388d9df23fa49d9b88ac0640db0a5b4ecc2b653bf451e3",
                "sha256:76ae285c8104046b3a7f06b42f29c7b73f77683df18c49ab5af7983994c2dd91",
                "sha256:7cafd1208fdbe93b67c7086876f061f660cfddc44f404279c1585bbf3cdc64c5",
                "sha256:7efde645ca1cc441d6dc4b48c0f7101e8d86b54c8530141b09fd31cef5149ec9",
                "sha256:88d9ab96491d38a5ab7c56dd7a3cc37d83336ecc564e4e8816dbed12e5aaefc8",
                "sha256:8eab883b3b2a38cc1e050819ef06a7e6344d4a990d24d45bc6f2cf959045a45b",
                "sha256:910841381caba4f744a44bf81bfd573c94e10b3045ee00de0cbf436fe50673a6",
                "sha256:9190f09060ea4debddd24665d6804b995a9c122ef5917ab26e1566dcc712ceeb",
                "sha256:937e9020b514ceedb9c830c55d5c9872abc90f4b5862f89c0887033ae33c6f73",
                "sha256:94c817e84245513926588caf1152e3b559ff794d505555211ca041f032abbb6b",
                "sha256:971ce5e14dc5e73715755d0ca2975ac88cfdaefcaab078a284fea6cfabf866df",
                "sha256:9d14b83fab60d5e8abe587d51c75b252bcc21683f24699ada8fb275d7712f5a9",
                "sha256:9f35ec95538f50292f6d8f2c9c9f8a3c6540bbfec21c9e5b4b751e0a7c20864f",
                "sha256:a1846f1b999e78e13837c93c778dcfc3365902cfb8d1bdb7dd73ead37059f0d0",
                "sha256:acd2162a36d3de67ee896c43effcd5ee3de247eb00354db411feb025aa319857",
                "sha256:b0ef99cdbe2b682b9ccbb964743a6aca37905fda5e0452e5ee239b1654d37f2a",
                "sha256:b80f600eddddce72320dbbc8e3784d16bd3fb7b517e82476d8da921f27d4b249",
                "sha256:b864ba53912b6c3ab6bcb2beb19f19edd01a6bfcbdfe1f37ddd1778abfe75a30",
                "sha256:b9ec052b06a0524f0e35bd8790686a1da006bd911dd1ef7d50b77bfbad74e292",
                "sha256:ba2956617f1c42598a308a84c6cf021a90ff3862eddafd20c3333d50f0edb45b",
                "sha256:bdfea8c661e80d3c1c99ad7c3ff74e6e87184895bbaca6ee8cc61209f8b9b85d",
                "sha256:be4ed120b52ae4d974aa40215fcdfde9194d63541c7ded40ee12eb4dda57b76b",
                "sha256:c4302695ad8027363e96311df24ee28978162cdcdd2006476c43970b384a244c",
                "sha256:c48f54ef8e05f04d6eff74b8233f6063cb1ed960243eacc474ee73a2ea8573ca",
                "sha256:c9c59a2120b55788e800d82dfa99b9e156ff8f2227f07c5e3012a45a399620b7",
                "sha256:cd021c754b162c0fb55ad5d6b9d960db667faad0fa2ff25bb6e1301b0b6e6a75",
                "sha256:d27ec7509b9c18b6d73f2f5ede2622441de812e7b1a80bbd446cb0633bd3d5ae",
                "sha256:d5508f0b173e6aa47273bdc0a0b5ba055b59662ba7c7ee5119528f466585526b",
                "sha256:d75209eed723105f9596807495d58d10b3470fa6732dd6756595e89925ce2470",
                "sha256:db1a39669102a1d8d12b57de2bb7e2ec9066a6f2b3da35ae511ff93b01b5d564",
                "sha256:dbfcfc0218093a19c252ca8eb9aee3d29cfdcb586df21049b9d777fd32c14fd9",
                "sha256:e0f72c9ddb8cd28532185f54cc1453f2c16fb417a08b53a855c4e6a418edd099",
                "sha256:e7c8dc13af7db097bed64a051d2dd49e9f0af495c26995c00a9ee842690d34c0",
                "sha256:ea9872c80c132f4663822dd2a08d404073a5a9b5ba6155bea72fb2a79d1093b5",
                "sha256:eff4eb9b7eb3e4d0cae3d28c283dc16d9bed6b193c2e1ace3ed86ce48ea8df19",
                "sha256:f82d4d717d8ef19188687aa32b8363e96062911e63ba22a0cff7802a8e58e5f1",
                "sha256:fc3a569657468b6f3fb60587e48356fe512c1754ca05a564f11366ac9e306526"
            ],
            "markers": "platform_machine == 'aarch64' or (platform_machine == 'ppc64le' or (platform_machine == 'x86_64' or (platform_machine == 'amd64' or (platform_machine == 'AMD64' or (platform_machine == 'win32' or platform_machine == 'WIN32')))))",
            "version": "==2.0.2"
        },
        "h11": {
            "hashes": [
                "sha256:8f19fbbe99e72420ff35c00b27a34cb9937e902a8b810e2c88300c6f0a3b699d",
                "sha256:e3fe4ac4b851c468cc8363d500db52c2ead036020723024a109d37346efaa761"
            ],
            "markers": "python_version >= '3.7'",
            "version": "==0.14.0"
        },
        "hiredis": {
            "hashes": [
                "sha256:02118dc8545e2371448b9983a0041f12124eea907eb61858f2be8e7c1dfa1e43",
                "sha256:03c6a1f6bf2f64f40d076c997cdfcb8b3d1c9557dda6cb7bbad2c5c839921726",
                "sha256:0474ab858f5dd15be6b467d89ec14b4c287f53b55ca5455369c3a1a787ef3a24",
                "sha256:04c972593f26f4769e2be7058b7928179337593bcfc6a8b6bda87eea807b7cbf",
                "sha256:0a9493bbc477436a3725e99cfcba768f416ab70ab92956e373d1a3b480b1e204",
                "sha256:0e199868fe78c2d175bbb7b88f5daf2eae4a643a62f03f8d6736f9832f04f88b",
                "sha256:0f2607e08dcb1c5d1e925c451facbfc357927acaa336a004552c32a6dd68e050",
                "sha256:0f4b92df1e69dc48411045d2117d1d27ec6b5f0dd2b6501759cea2f6c68d5618",
                "sha256:103bde304d558061c4ba1d7ff94351e761da753c28883fd68964f25080152dac",
                "sha256:14f67987e1d55b197e46729d1497019228ad8c94427bb63500e6f217aa586ca5",
                "sha256:1523ec56d711bee863aaaf4325cef4430da3143ec388e60465f47e28818016cd",
                "sha256:1776db8af168b22588ec10c3df674897b20cc6d25f093cd2724b8b26d7dac057",
                "sha256:17e9f363db56a8edb4eff936354cfa273197465bcd970922f3d292032eca87b0",
                "sha256:18135ecf28fc6577e71c0f8d8eb2f31e4783020a7d455571e7e5d2793374ce20",
                "sha256:19666eb154b7155d043bf941e50d1640125f92d3294e2746df87639cc44a10e6",
                "sha256:209b94fa473b39e174b665186cad73206ca849cf6e822900b761e83080f67b06",
                "sha256:220b6ac9d3fce60d14ccc34f9790e20a50dc56b6fb747fc357600963c0cf6aca",
                "sha256:231e5836579fc75b25c6f9bb6213950ea3d39aadcfeb7f880211ca55df968342",
                "sha256:2bb682785a37145b209f44f5d5290b0f9f4b56205542fc592d0f1b3d5ffdfcf0",
                "sha256:2ed6c948648798b440a9da74db65cdd2ad22f38cf4687f5212df369031394591",
                "sha256:2f6e80fb7cd4cc61af95ab2875801e4c36941a956c183297c3273cbfbbefa9d3",
                "sha256:33624903dfb629d6f7c17ed353b4b415211c29fd447f31e6bf03361865b97e68",
                "sha256:341952a311654c39433c1e0d8d31c2a0c5864b2675ed159ed264ecaa5cfb225b",
                "sha256:38270042f40ed9e576966c603d06c984c80364b0d9ec86962a31551dae27b0cd",
                "sha256:3af3071d33432960cba88ce4e4932b508ab3e13ce41431c2a1b2dc9a988f7627",
                "sha256:3afc76a012b907895e679d1e6bcc6394845d0cc91b75264711f8caf53d7b0f37",
                "sha256:42504e4058246536a9f477f450ab21275126fc5f094be5d5e5290c6de9d855f9",
                "sha256:497a8837984ddfbf6f5a4c034c0107f2c5aaaebeebf34e2c6ab591acffce5f12",
                "sha256:49a518b456403602775218062a4dd06bed42b26854ff1ff6784cfee2ef6fa347",
                "sha256:4e3b8f0eba6d88c2aec63e6d1e38960f8a25c01f9796d32993ffa1cfcf48744c",
                "sha256:58e51d83b42fdcc29780897641b1dcb30c0e4d3c4f6d9d71d79b2cfec99b8eb7",
                "sha256:595474e6c25f1c3c8ec67d587188e7dd47c492829b2c7c5ba1b17ee9e7e9a9ea",
                "sha256:5cd590dd7858d0107c37b438aa27bbcaa0ba77c5b8eda6ebab7acff0aa89f7d7",
                "sha256:5da26970c41084a2ac337a4f075301a78cffb0e0f3df5e98c3049fc95e10725c",
                "sha256:63f941e77c024be2a1451089e2fdbd5ff450ff0965f49948bbeb383aef1799ea",
                "sha256:69c32d54ac1f6708145c77d79af12f7448ca1025a0bf912700ad1f0be511026a",
                "sha256:6afbddc82bbb2c4c405d9a49a056ffe6541f8ad3160df49a80573b399f94ba3a",
                "sha256:6ba9f425739a55e1409fda5dafad7fdda91c6dcd2b111ba93bb7b53d90737506",
                "sha256:6f5f469ba5ae613e4c652cdedfc723aa802329fcc2d65df1e9ab0ac0de34ad9e",
                "sha256:6fbb1a56d455602bd6c276d5c316ae245111b2dc8158355112f2d905e7471c85",
                "sha256:706995fb1173fab7f12110fbad00bb95dd0453336f7f0b341b4ca7b1b9ff0bc7",
                "sha256:70db8f514ebcb6f884497c4eee21d0350bbc4102e63502411f8e100cf3b7921e",
                "sha256:724aed63871bc386d6f28b5f4d15490d84934709f093e021c4abb785e72db5db",
                "sha256:78f2a53149b116e0088f6eda720574f723fbc75189195aab8a7a2a591ca89cab",
                "sha256:796b616478a5c1cac83e9e10fcd803e746e5a02461bfa7767aebae8b304e2124",
                "sha256:7a5dac3ae05bc64b233f950edf37dce9c904aedbc7e18cfc2adfb98edb85da46",
                "sha256:812e27a9b20db967f942306267bcd8b1369d7c171831b6f45d22d75576cd01cd",
                "sha256:82ad46d1140c5779cd9dfdafc35f47dd09dadff7654d8001c50bb283da82e7c9",
                "sha256:8a11250dd0521e9f729325b19ce9121df4cbb80ad3468cc21e56803e8380bc4b",
                "sha256:8ad00a7621de8ef9ae1616cf24a53d48ad1a699b96668637559a8982d109a800",
                "sha256:8fe289556264cb1a2efbcd3d6b3c55e059394ad01b6afa88151264137f85c352",
                "sha256:943631a49d7746cd413acaf0b712d030a15f02671af94c54759ba3144351f97a",
                "sha256:954abb363ed1d18dfb7510dbd89402cb7c21106307e04e2ee7bccf35a134f4dd",
                "sha256:96745c4cdca261a50bd70c01f14c6c352a48c4d6a78e2d422040fba7919eadef",
                "sha256:96b079c53b6acd355edb6fe615270613f3f7ddc4159d69837ce15ec518925c40",
                "sha256:998ab35070dc81806a23be5de837466a51b25e739fb1a0d5313474d5bb29c829",
                "sha256:99b5bcadd5e029234f89d244b86bc8d21093be7ac26111068bebd92a4a95dc73",
                "sha256:a0e98106a28fabb672bb014f6c4506cc67491e4cf9ac56d189cbb1e81a9a3e68",
                "sha256:a16d81115128e6a9fc6904de051475be195f6c460c9515583dccfd407b16ff78",
                "sha256:a386f00800b1b043b091b93850e02814a8b398952438a9d4895bd70f5c80a821",
                "sha256:a54d2b3328a2305e0dfb257a4545053fdc64df0c64e0635982e191c846cc0456",
                "sha256:a57a4a33a78e94618d026fc68e853d3f71fa4a1d4da7a6e828e927819b001f2d",
                "sha256:a5e5e51faa7cd02444d4ee1eb59e316c08e974bcfa3a959cb790bc4e9bb616c5",
                "sha256:a99c0d50d1a31be285c83301eff4b911dca16aac1c3fe1875c7d6f517a1e9fc4",
                "sha256:ae6b356ed166a0ec663a46b547c988815d2b0e5f2d0af31ef34a16cf3ce705d0",
                "sha256:b2b847ea3f9af99e02c4c58b7cc6714e105c8d73705e5ff1132e9a249391f688",
                "sha256:b90dd0adb1d659f8c94b32556198af1e61e38edd27fc7434d4b3b68ad4e51d37",
                "sha256:bad6e9a0e31678ee15ac3ef72e77c08177c86df05c37d2423ff3cded95131e51",
                "sha256:bde0178e7e6c49e408b8d3a8c0ec8e69a23e8dc2ae29f87af2d74b21025385dc",
                "sha256:c233199b9f4dd43e2297577e32ba5fcd0378871a47207bc424d5e5344d030a3e",
                "sha256:c604919bba041e4c4708ecb0fe6c7c8a92a7f1e886b0ae8d2c13c3e4abfc5eda",
                "sha256:c65f38418e35970d44f9b5a59533f0f60f14b9f91b712dba51092d2c74d4dcd1",
                "sha256:c702dd28d52656bb86f7a2a76ea9341ac434810871b51fcd6cd28c6d7490fbdf",
                "sha256:c7fd6394779c9a3b324b65394deadb949311662f3770bd34f904b8c04328082c",
                "sha256:cb59a7535e0b8373f694ce87576c573f533438c5fbee450193333a22118f4a98",
                "sha256:cbb3f56d371b560bf39fe45d29c24e3d819ae2399733e2c86394a34e76adab38",
                "sha256:d4f6bbe599d255a504ef789c19e23118c654d256343c1ecdf7042fb4b4d0f7fa",
                "sha256:d77dbc13d55c1d45d6a203da910002fffd13fa310af5e9c5994959587a192789",
                "sha256:d87f90064106dfd7d2cc7baeb007a8ca289ee985f4bf64bb627c50cdc34208ed",
                "sha256:d8849bc74473778c10377f82cf9a534e240734e2f9a92c181ef6d51b4e3d3eb2",
                "sha256:d9fbef7f9070055a7cc012ac965e3dbabbf2400b395649ea8d6016dc82a7d13a",
                "sha256:dcad9c9239845b29f149a895e7e99b8307889cecbfc37b69924c2dad1f4ae4e8",
                "sha256:df6325aade17b1f86c8b87f6a1d9549a4184fda00e27e2fca0e5d2a987130365",
                "sha256:e57dfcd72f036cce9eab77bc533a932444459f7e54d96a555d25acf2501048be",
                "sha256:e5945ef29a76ab792973bef1ffa2970d81dd22edb94dfa5d6cba48beb9f51962",
                "sha256:ea011b3bfa37f2746737860c1e5ba198b63c9b4764e40b042aac7bd2c258938f",
                "sha256:ed79f65098c4643cb6ec4530b337535f00b58ea02e25180e3df15e9cc9da58dc",
                "sha256:f0ccf6fc116795d76bca72aa301a33874c507f9e77402e857d298c73419b5ea3",
                "sha256:fec7465caac7b0a36551abb37066221cabf59f776d78fdd58ff17669942b4b41"
            ],
            "version": "==2.2.1"
        },
        "idna": {
            "hashes": [
                "sha256:814f528e8dead7d329833b91c5faa87d60bf71824cd12a7530b5526063d02cb4",
                "sha256:90b77e79eaa3eba6de819a0c442c0b4ceefc341a7a2ab77d7562bf49f425c5c2"
            ],
            "markers": "python_version >= '3.5'",
            "version": "==3.4"
        },
        "pyasn1": {
            "hashes": [
                "sha256:014c0e9976956a08139dc0712ae195324a75e142284d5f87f1a87ee1b068a359",
                "sha256:03840c999ba71680a131cfaee6fab142e1ed9bbd9c693e285cc6aca0d555e576",
                "sha256:0458773cfe65b153891ac249bcf1b5f8f320b7c2ce462151f8fa74de8934becf",
                "sha256:08c3c53b75eaa48d71cf8c710312316392ed40899cb34710d092e96745a358b7",
                "sha256:39c7e2ec30515947ff4e87fb6f456dfc6e84857d34be479c9d4a4ba4bf46aa5d",
                "sha256:5c9414dcfede6e441f7e8f81b43b34e834731003427e5b09e4e00e3172a10f00",
                "sha256:6e7545f1a61025a4e58bb336952c5061697da694db1cae97b116e9c46abcf7c8",
                "sha256:78fa6da68ed2727915c4767bb386ab32cdba863caa7dbe473eaae45f9959da86",
                "sha256:7ab8a544af125fb704feadb008c99a88805126fb525280b2270bb25cc1d78a12",
                "sha256:99fcc3c8d804d1bc6d9a099921e39d827026409a58f2a720dcdb89374ea0c776",
                "sha256:aef77c9fb94a3ac588e87841208bdec464471d9871bd5050a287cc9a475cd0ba",
                "sha256:e89bf84b5437b532b0803ba5c9a5e054d21fec423a89952a74f87fa2c9b7bce2",
                "sha256:fec3e9d8e36808a28efb59b489e4528c10ad0f480e57dcc32b4de5c9d8c9fdf3"
            ],
            "version": "==0.4.8"
        },
        "pydantic": {
            "hashes": [
                "sha256:05a81b006be15655b2a1bae5faa4280cf7c81d0e09fcb49b342ebf826abe5a72",
                "sha256:0b53e1d41e97063d51a02821b80538053ee4608b9a181c1005441f1673c55423",
                "sha256:2b3ce5f16deb45c472dde1a0ee05619298c864a20cded09c4edd820e1454129f",
                "sha256:2e82a6d37a95e0b1b42b82ab340ada3963aea1317fd7f888bb6b9dfbf4fff57c",
                "sha256:301d626a59edbe5dfb48fcae245896379a450d04baeed50ef40d8199f2733b06",
                "sha256:39f4a73e5342b25c2959529f07f026ef58147249f9b7431e1ba8414a36761f53",
                "sha256:4948f264678c703f3877d1c8877c4e3b2e12e549c57795107f08cf70c6ec7774",
                "sha256:4b05697738e7d2040696b0a66d9f0a10bec0efa1883ca75ee9e55baf511909d6",
                "sha256:51bdeb10d2db0f288e71d49c9cefa609bca271720ecd0c58009bd7504a0c464c",
                "sha256:55b1625899acd33229c4352ce0ae54038529b412bd51c4915349b49ca575258f",
                "sha256:572066051eeac73d23f95ba9a71349c42a3e05999d0ee1572b7860235b850cc6",
                "sha256:6a05a9db1ef5be0fe63e988f9617ca2551013f55000289c671f71ec16f4985e3",
                "sha256:6dc1cc241440ed7ca9ab59d9929075445da6b7c94ced281b3dd4cfe6c8cff817",
                "sha256:6e7124d6855b2780611d9f5e1e145e86667eaa3bd9459192c8dc1a097f5e9903",
                "sha256:75d52162fe6b2b55964fbb0af2ee58e99791a3138588c482572bb6087953113a",
                "sha256:78cec42b95dbb500a1f7120bdf95c401f6abb616bbe8785ef09887306792e66e",
                "sha256:7feb6a2d401f4d6863050f58325b8d99c1e56f4512d98b11ac64ad1751dc647d",
                "sha256:8775d4ef5e7299a2f4699501077a0defdaac5b6c4321173bcb0f3c496fbadf85",
                "sha256:887ca463c3bc47103c123bc06919c86720e80e1214aab79e9b779cda0ff92a00",
                "sha256:9193d4f4ee8feca58bc56c8306bcb820f5c7905fd919e0750acdeeeef0615b28",
                "sha256:983e720704431a6573d626b00662eb78a07148c9115129f9b4351091ec95ecc3",
                "sha256:990406d226dea0e8f25f643b370224771878142155b879784ce89f633541a024",
                "sha256:9cbdc268a62d9a98c56e2452d6c41c0263d64a2009aac69246486f01b4f594c4",
                "sha256:a48f1953c4a1d9bd0b5167ac50da9a79f6072c63c4cef4cf2a3736994903583e",
                "sha256:a9a6747cac06c2beb466064dda999a13176b23535e4c496c9d48e6406f92d42d",
                "sha256:a9f2de23bec87ff306aef658384b02aa7c32389766af3c5dee9ce33e80222dfa",
                "sha256:b5635de53e6686fe7a44b5cf25fcc419a0d5e5c1a1efe73d49d48fe7586db854",
                "sha256:b6f9d649892a6f54a39ed56b8dfd5e08b5f3be5f893da430bed76975f3735d15",
                "sha256:b9a3859f24eb4e097502a3be1fb4b2abb79b6103dd9e2e0edb70613a4459a648",
                "sha256:cd8702c5142afda03dc2b1ee6bc358b62b3735b2cce53fc77b31ca9f728e4bc8",
                "sha256:d7b5a3821225f5c43496c324b0d6875fde910a1c2933d726a743ce328fbb2a8c",
                "sha256:d88c4c0e5c5dfd05092a4b271282ef0588e5f4aaf345778056fc5259ba098857",
                "sha256:eb992a1ef739cc7b543576337bebfc62c0e6567434e522e97291b251a41dad7f",
                "sha256:f2f7eb6273dd12472d7f218e1fef6f7c7c2f00ac2e1ecde4db8824c457300416",
                "sha256:fdf88ab63c3ee282c76d652fc86518aacb737ff35796023fae56a65ced1a5978",
                "sha256:fdf8d759ef326962b4678d89e275ffc55b7ce59d917d9f72233762061fd04a2d"
            ],
            "index": "pypi",
            "version": "==1.10.4"
        },
        "python-jose": {
            "hashes": [
                "sha256:55779b5e6ad599c6336191246e95eb2293a9ddebd555f796a65f838f07e5d78a",
                "sha256:9b1376b023f8b298536eedd47ae1089bcdb848f1535ab30555cd92002d78923a"
            ],
            "index": "pypi",
            "version": "==3.3.0"
        },
        "redis": {
            "extras": [
                "hiredis"
            ],
            "hashes": [
                "sha256:1eec3741cda408d3a5f84b78d089c8b8d895f21b3b050988351e925faf202864",
                "sha256:5deb072d26e67d2be1712603bfb7947ec3431fb0eec9c578994052e33035af6d"
            ],
            "index": "pypi",
            "version": "==4.5.1"
        },
        "rsa": {
            "hashes": [
                "sha256:90260d9058e514786967344d0ef75fa8727eed8a7d2e43ce9f4bcf1b536174f7",
                "sha256:e38464a49c6c85d7f1351b0126661487a7e0a14a50f1675ec50eb34d4f20ef21"
            ],
            "markers": "python_version >= '3.6' and python_version < '4'",
            "version": "==4.9"
        },
        "six": {
            "hashes": [
                "sha256:1e61c37477a1626458e36f7b1d82aa5c9b094fa4802892072e49de9c60c4c926",
                "sha256:8abb2f1d86890a2dfb989f9a77cfcfd3e47c2a354b01111771326f8aa26e0254"
            ],
            "markers": "python_version >= '2.7' and python_version not in '3.0, 3.1, 3.2, 3.3'",
            "version": "==1.16.0"
        },
        "sniffio": {
            "hashes": [
                "sha256:e60305c5e5d314f5389259b7f22aaa33d8f7dee49763119234af3755c55b9101",
                "sha256:eecefdce1e5bbfb7ad2eeaabf7c1eeb404d7757c379bd1f7e5cce9d8bf425384"
            ],
            "markers": "python_version >= '3.7'",
            "version": "==1.3.0"
        },
        "sqlalchemy": {
            "extras": [
                "asyncio"
            ],
            "hashes": [
                "sha256:03911d5a1949ab58e98f7ba8a34fa055b4454b61f05abc6ac6c041413a5532b4",
                "sha256:117a0c06345d3cfbdd42c674965be877b83e9390cb10ede8e500f296a541f36e",
                "sha256:12342a576691cc24608972d5b0a0622b77f14ea9ba42bc762ef9bb78f6c09bda",
                "sha256:1718f3968f2b767b7119170b9866238a2555c52fb5b47049ef58a488beaf68e5",
                "sha256:1afc4290b731dcff4ec19cb5380b116267d516f472923666bafb689523fab6d1",
                "sha256:20c657681c78df07de7321c056efed6cba90a7539b157f095930dce1138e76ef",
                "sha256:2383545c44d4add97292fa116580d16806fd385c6c8e99b4925c1d1862360ba8",
                "sha256:2c0ba8280198d6f5da8583cfce7220851f72d9a3bffb9dcb1c29332ca71f1c76",
                "sha256:2f0bb0354ab6a9c25898b232b86ffa43c65d7865eb09c4c630089a3a94d23de8",
                "sha256:39c429bf6e059d16fde4e50b84472d109c97b5e1c00e3e410a3b9745e211ae6b",
                "sha256:4badf88e89c17a246e844de40ce131f29e53a10a0e68a46a8225a84f58091197",
                "sha256:4e6002e925c546429cb065e6aff7d9c8d57347810c24f038223d13a8bc666a4d",
                "sha256:4e6484d2ddba03a7a06714335b65862b1937e1c43ba8d95d65bb39545cae7bf2",
                "sha256:5217e6eed59e0db6a2f6144c16e532bf7304f629d661d9eda1e21d58db1d7704",
                "sha256:5296258affa2dd97f57f318db0c68a34ebff30382295d2a16435d7c94d2f582c",
                "sha256:53958792b0fbbd2aa675386f9475c81b576b17a77d410a40ec1e8443d62186be",
                "sha256:58a8ad348be203d30686fab0198c1dc31fdf043f081f09d220cd722c3fa29aee",
                "sha256:590ad2756fc44306856974c44db1e935cb06465da9ce265e6b329fdfbf9cba48",
                "sha256:5b3bb1e659d3b4e27c6fb59adc73ef33cd01e8b20c75667f68ed637fde0147d2",
                "sha256:6318637508eabb7d61469916b007297cb9efd550c860e1ea0fd31b22360e7b71",
                "sha256:64e9c9b362b98ef632f084fbb34197d4f54b95975037e988da73d744dbe67cf9",
                "sha256:654caf0d92e23ab208ba0cb94a4553e8ebaf1f2d715fb07cb7985e668f357d02",
                "sha256:6d0f745769aa74606068b8fed9ab97e556cf55f6bced8525e48d454f9d968194",
                "sha256:717835f3e0dc8d6a146232667fd561aac549e11ef1d8bd5916b3bb88a516a4e0",
                "sha256:71ebbad8296a97ee5c08768137cef14d3f0dffe1f2d1905d2fabdc5e81068529",
                "sha256:75e1e3b00b425d0ae854e62d3f19b86ecc9335d4aaec81107d97513976c0e6d5",
                "sha256:7aa7a1a6cd22f13d029f456496d7867d77a534dcad80671f9a55d43268837acf",
                "sha256:7dcd0d1bd211e64eef200b7e657a451284168202d0be5c2b4b01089308534123",
                "sha256:81b7efc17f5ce5e92cbd1c283bc97ef76d241a18a4d5feeb5172fbbf7764045e",
                "sha256:81e846b4041335c952be60a64713ea5a7765c5a065fb8d9786f3f96aef7792b1",
                "sha256:b9165429698c01d477d539034d54538e8bdfb6072d3170d689b05940169bbbd0",
                "sha256:bf3ba5342c57d21c950606cebce0e0cd07b771d32ce54ff599e0c69383c7f41c",
                "sha256:c212d7de906726080550a96f4f6a55e36cfabb3097f1b279b612b01c37c18028",
                "sha256:c2b924f6d0162ed1c0d8f47db1e56498702b1c3c953ad84f0eefbf5b4e53bb05",
                "sha256:c7c86c158ca7bfd10b3fd35bf1d121dc53e9e7f35fc0cebfcd12ef4e02bedea7",
                "sha256:d7d239136d0a0f5b9eff63c91d752e10579f8554659e79f145121d5e8821508f",
                "sha256:de2395c3db65dc48a74ab1d799c2b27ccfc896c301f325d016ebb1733047f3e7",
                "sha256:ebbcfb8be2fe53c8d73d233fe4c39879482f83bf1b3b28a4480aedf40adf6675",
                "sha256:f2b6ebb2c7cfd766baed30703b28dcd569f63f56e5133cc093b16575883883e8",
                "sha256:f81a366c35308da19faafdfb5f7b7209da1376953c1b380b5a0c126a92073e6a",
                "sha256:fdea23a48c3eff2bd30e9694f226168ec2a429f8c5c11e98121cceb2aa9a7bf3"
            ],
            "index": "pypi",
            "version": "==2.0.3"
        },
        "starlette": {
            "hashes": [
                "sha256:75e2b24d71ff4f7cb9a3338f83d234c2d4135bf80f52aeb105c02a01d72a5df1",
                "sha256:7925947f177a19e906c6ace10f07c64c4f9fdf7d509caaac6589f7cc0cfd95f3"
            ],
            "markers": "python_version >= '3.7'",
            "version": "==0.24.0"
        },
        "typing-extensions": {
            "hashes": [
                "sha256:1511434bb92bf8dd198c12b1cc812e800d4181cfcb867674e0f8279cc93087aa",
                "sha256:16fa4864408f655d35ec496218b85f79b3437c829e93320c7c9215ccfd92489e"
            ],
            "markers": "python_version >= '3.7'",
            "version": "==4.4.0"
        },
        "uvicorn": {
            "extras": [
                "standart"
            ],
            "hashes": [
                "sha256:a4e12017b940247f836bc90b72e725d7dfd0c8ed1c51eb365f5ba30d9f5127d8",
                "sha256:c3ed1598a5668208723f2bb49336f4509424ad198d6ab2615b7783db58d919fd"
            ],
            "index": "pypi",
            "version": "==0.20.0"
        }
    },
    "develop": {
        "anyio": {
            "hashes": [
                "sha256:25ea0d673ae30af41a0c442f81cf3b38c7e79fdc7b60335a4c14e05eb0947421",
                "sha256:fbbe32bd270d2a2ef3ed1c5d45041250284e31fc0a4df4a5a6071842051a51e3"
            ],
            "markers": "python_full_version >= '3.6.2'",
            "version": "==3.6.2"
        },
        "attrs": {
            "hashes": [
                "sha256:29e95c7f6778868dbd49170f98f8818f78f3dc5e0e37c0b1f474e3561b240836",
                "sha256:c9227bfc2f01993c03f68db37d1d15c9690188323c067c641f1a35ca58185f99"
            ],
            "markers": "python_version >= '3.6'",
            "version": "==22.2.0"
        },
        "certifi": {
            "hashes": [
                "sha256:35824b4c3a97115964b408844d64aa14db1cc518f6562e8d7261699d1350a9e3",
                "sha256:4ad3232f5e926d6718ec31cfc1fcadfde020920e278684144551c91769c7bc18"
            ],
            "markers": "python_version >= '3.6'",
            "version": "==2022.12.7"
        },
        "colorama": {
            "hashes": [
                "sha256:08695f5cb7ed6e0531a20572697297273c47b8cae5a63ffc6d6ed5c201be6e44",
                "sha256:4f1d9991f5acc0ca119f9d443620b77f9d6b33703e51011c16baf57afb285fc6"
            ],
            "markers": "platform_system == 'Windows'",
            "version": "==0.4.6"
        },
        "exceptiongroup": {
            "hashes": [
                "sha256:327cbda3da756e2de031a3107b81ab7b3770a602c4d16ca618298c526f4bec1e",
                "sha256:bcb67d800a4497e1b404c2dd44fca47d3b7a5e5433dbab67f96c1a685cdfdf23"
            ],
            "markers": "python_version < '3.11'",
            "version": "==1.1.0"
        },
        "faker": {
            "hashes": [
                "sha256:64dcf95eee9f00d2547f29f6762aec80fc3ccbe3752bfa2c45082a6e2cc4d74a",
                "sha256:ad181f6f9cdc0f7d70ea6eaea35ab4b6549391fbaaea7629cc567aeb2757d296"
            ],
            "index": "pypi",
            "version": "==16.8.1"
        },
        "h11": {
            "hashes": [
                "sha256:8f19fbbe99e72420ff35c00b27a34cb9937e902a8b810e2c88300c6f0a3b699d",
                "sha256:e3fe4ac4b851c468cc8363d500db52c2ead036020723024a109d37346efaa761"
            ],
            "markers": "python_version >= '3.7'",
            "version": "==0.14.0"
        },
        "httpcore": {
            "hashes": [
                "sha256:c5d6f04e2fc530f39e0c077e6a30caa53f1451096120f1f38b954afd0b17c0cb",
                "sha256:da1fb708784a938aa084bde4feb8317056c55037247c787bd7e19eb2c2949dc0"
            ],
            "markers": "python_version >= '3.7'",
            "version": "==0.16.3"
        },
        "httpx": {
            "hashes": [
                "sha256:9818458eb565bb54898ccb9b8b251a28785dd4a55afbc23d0eb410754fe7d0f9",
                "sha256:a211fcce9b1254ea24f0cd6af9869b3d29aba40154e947d2a07bb499b3e310d6"
            ],
            "index": "pypi",
            "version": "==0.23.3"
        },
        "idna": {
            "hashes": [
                "sha256:814f528e8dead7d329833b91c5faa87d60bf71824cd12a7530b5526063d02cb4",
                "sha256:90b77e79eaa3eba6de819a0c442c0b4ceefc341a7a2ab77d7562bf49f425c5c2"
            ],
            "markers": "python_version >= '3.5'",
            "version": "==3.4"
        },
        "iniconfig": {
            "hashes": [
                "sha256:2d91e135bf72d31a410b17c16da610a82cb55f6b0477d1a902134b24a455b8b3",
                "sha256:b6a85871a79d2e3b22d2d1b94ac2824226a63c6b741c88f7ae975f18b6778374"
            ],
            "markers": "python_version >= '3.7'",
            "version": "==2.0.0"
        },
        "packaging": {
            "hashes": [
                "sha256:714ac14496c3e68c99c29b00845f7a2b85f3bb6f1078fd9f72fd20f0570002b2",
                "sha256:b6ad297f8907de0fa2fe1ccbd26fdaf387f5f47c7275fedf8cce89f99446cf97"
            ],
            "markers": "python_version >= '3.7'",
            "version": "==23.0"
        },
        "pluggy": {
            "hashes": [
                "sha256:4224373bacce55f955a878bf9cfa763c1e360858e330072059e10bad68531159",
                "sha256:74134bbf457f031a36d68416e1509f34bd5ccc019f0bcc952c7b909d06b37bd3"
            ],
            "markers": "python_version >= '3.6'",
            "version": "==1.0.0"
        },
        "pytest": {
            "hashes": [
                "sha256:c7c6ca206e93355074ae32f7403e8ea12163b1163c976fee7d4d84027c162be5",
                "sha256:d45e0952f3727241918b8fd0f376f5ff6b301cc0777c6f9a556935c92d8a7d42"
            ],
            "index": "pypi",
            "version": "==7.2.1"
        },
        "pytest-asyncio": {
            "hashes": [
                "sha256:83cbf01169ce3e8eb71c6c278ccb0574d1a7a3bb8eaaf5e50e0ad342afb33b36",
                "sha256:f129998b209d04fcc65c96fc85c11e5316738358909a8399e93be553d7656442"
            ],
            "index": "pypi",
            "version": "==0.20.3"
        },
        "pytest-mock": {
            "hashes": [
                "sha256:f4c973eeae0282963eb293eb173ce91b091a79c1334455acfac9ddee8a1c784b",
                "sha256:fbbdb085ef7c252a326fd8cdcac0aa3b1333d8811f131bdcc701002e1be7ed4f"
            ],
            "index": "pypi",
            "version": "==3.10.0"
        },
        "pytest-repeat": {
            "hashes": [
                "sha256:4474a7d9e9137f6d8cc8ae297f8c4168d33c56dd740aa78cfffe562557e6b96e",
                "sha256:5cd3289745ab3156d43eb9c8e7f7d00a926f3ae5c9cf425bec649b2fe15bad5b"
            ],
            "index": "pypi",
            "version": "==0.9.1"
        },
        "python-dateutil": {
            "hashes": [
                "sha256:0123cacc1627ae19ddf3c27a5de5bd67ee4586fbdd6440d9748f8abb483d3e86",
                "sha256:961d03dc3453ebbc59dbdea9e4e11c5651520a876d0f4db161e8674aae935da9"
            ],
            "markers": "python_version >= '2.7' and python_version not in '3.0, 3.1, 3.2, 3.3'",
            "version": "==2.8.2"
        },
        "rfc3986": {
            "extras": [
                "idna2008"
            ],
            "hashes": [
                "sha256:270aaf10d87d0d4e095063c65bf3ddbc6ee3d0b226328ce21e036f946e421835",
                "sha256:a86d6e1f5b1dc238b218b012df0aa79409667bb209e58da56d0b94704e712a97"
            ],
            "version": "==1.5.0"
        },
        "six": {
            "hashes": [
                "sha256:1e61c37477a1626458e36f7b1d82aa5c9b094fa4802892072e49de9c60c4c926",
                "sha256:8abb2f1d86890a2dfb989f9a77cfcfd3e47c2a354b01111771326f8aa26e0254"
            ],
            "markers": "python_version >= '2.7' and python_version not in '3.0, 3.1, 3.2, 3.3'",
            "version": "==1.16.0"
        },
        "sniffio": {
            "hashes": [
                "sha256:e60305c5e5d314f5389259b7f22aaa33d8f7dee49763119234af3755c55b9101",
                "sha256:eecefdce1e5bbfb7ad2eeaabf7c1eeb404d7757c379bd1f7e5cce9d8bf425384"
            ],
            "markers": "python_version >= '3.7'",
            "version": "==1.3.0"
        },
        "tomli": {
            "hashes": [
                "sha256:939de3e7a6161af0c887ef91b7d41a53e7c5a1ca976325f429cb46ea9bc30ecc",
                "sha256:de526c12914f0c550d15924c62d72abc48d6fe7364aa87328337a31007fe8a4f"
            ],
            "markers": "python_version < '3.11'",
            "version": "==2.0.1"
        }
    }
}
